github.com/mschneider82/milter v1.1.2 h1:GBPXl/mR9JOx/Di3wOZjHZzM6cwheOMOeX1JyD0p1Es=
github.com/mschneider82/milter v1.1.2/go.mod h1:tO5zYqjX2wmwfver/a2lKFVXrNGauvUY5Y1RemvSbJ8=
github.com/mschneider82/milterclient v0.0.0-20180417152208-081e1cb2de4b/go.mod h1:aT17FNxMNvVNjk2Kvpz6Dzpbjw2s5GTPiTOjTj7uNWI=
github.com/phalaaxx/milter v0.0.0-20190809081256-3fbd661ff459/go.mod h1:CCDGSeT1mS/L54GyiT/VNpBYpx84PUrPU+DazSVGpOk=
